
Microsoft Visual Studio Solution File, Format Version 12.00
# Visual Studio Version 17
VisualStudioVersion = 17.4.33205.214
MinimumVisualStudioVersion = 10.0.40219.1
Project("{9A19103F-16F7-4668-BE54-9A1E7A4F7556}") = "csvnet", "csvnet\csvnet.csproj", "{94124996-1416-4160-AD4D-001393DAD3FB}"
EndProject
Project("{9A19103F-16F7-4668-BE54-9A1E7A4F7556}") = "csvnet.test", "csvnet.test\csvnet.test.csproj", "{2A9FAC0D-AAB0-4CC2-90A9-9D7D4764271D}"
EndProject
Project("{9A19103F-16F7-4668-BE54-9A1E7A4F7556}") = "csvnet.legacy", "csvnet.legacy\csvnet.legacy.csproj", "{F9C6FF43-ED05-4AAD-8249-7B01AAED8781}"
EndProject
Project("{9A19103F-16F7-4668-BE54-9A1E7A4F7556}") = "csvnet.legacy.test", "csvnet.legacy.test\csvnet.legacy.test.csproj", "{1C760B5F-F8F4-4F77-8CBB-FF744899D2E3}"
EndProject
Project("{2150E333-8FDC-42A3-9474-1A3956D46DE8}") = "test", "test", "{5F288F3F-E957-4DBE-8101-44234A17861E}"
EndProject
Global
	GlobalSection(SolutionConfigurationPlatforms) = preSolution
		Debug|Any CPU = Debug|Any CPU
		Release|Any CPU = Release|Any CPU
	EndGlobalSection
	GlobalSection(ProjectConfigurationPlatforms) = postSolution
		{94124996-1416-4160-AD4D-001393DAD3FB}.Debug|Any CPU.ActiveCfg = Debug|Any CPU
		{94124996-1416-4160-AD4D-001393DAD3FB}.Debug|Any CPU.Build.0 = Debug|Any CPU
		{94124996-1416-4160-AD4D-001393DAD3FB}.Release|Any CPU.ActiveCfg = Release|Any CPU
		{94124996-1416-4160-AD4D-001393DAD3FB}.Release|Any CPU.Build.0 = Release|Any CPU
		{2A9FAC0D-AAB0-4CC2-90A9-9D7D4764271D}.Debug|Any CPU.ActiveCfg = Debug|Any CPU
		{2A9FAC0D-AAB0-4CC2-90A9-9D7D4764271D}.Debug|Any CPU.Build.0 = Debug|Any CPU
		{2A9FAC0D-AAB0-4CC2-90A9-9D7D4764271D}.Release|Any CPU.ActiveCfg = Release|Any CPU
		{2A9FAC0D-AAB0-4CC2-90A9-9D7D4764271D}.Release|Any CPU.Build.0 = Release|Any CPU
		{F9C6FF43-ED05-4AAD-8249-7B01AAED8781}.Debug|Any CPU.ActiveCfg = Debug|Any CPU
		{F9C6FF43-ED05-4AAD-8249-7B01AAED8781}.Debug|Any CPU.Build.0 = Debug|Any CPU
		{F9C6FF43-ED05-4AAD-8249-7B01AAED8781}.Release|Any CPU.ActiveCfg = Release|Any CPU
		{F9C6FF43-ED05-4AAD-8249-7B01AAED8781}.Release|Any CPU.Build.0 = Release|Any CPU
		{1C760B5F-F8F4-4F77-8CBB-FF744899D2E3}.Debug|Any CPU.ActiveCfg = Debug|Any CPU
		{1C760B5F-F8F4-4F77-8CBB-FF744899D2E3}.Debug|Any CPU.Build.0 = Debug|Any CPU
		{1C760B5F-F8F4-4F77-8CBB-FF744899D2E3}.Release|Any CPU.ActiveCfg = Release|Any CPU
		{1C760B5F-F8F4-4F77-8CBB-FF744899D2E3}.Release|Any CPU.Build.0 = Release|Any CPU
	EndGlobalSection
	GlobalSection(SolutionProperties) = preSolution
		HideSolutionNode = FALSE
	EndGlobalSection
	GlobalSection(NestedProjects) = preSolution
		{2A9FAC0D-AAB0-4CC2-90A9-9D7D4764271D} = {5F288F3F-E957-4DBE-8101-44234A17861E}
		{1C760B5F-F8F4-4F77-8CBB-FF744899D2E3} = {5F288F3F-E957-4DBE-8101-44234A17861E}
	EndGlobalSection
	GlobalSection(ExtensibilityGlobals) = postSolution
		SolutionGuid = {D503C87C-95D8-48BB-A3A9-5D65F2A8523F}
	EndGlobalSection
EndGlobal
